
Microsoft Visual Studio Solution File, Format Version 12.00
# Visual Studio Version 16
VisualStudioVersion = 16.0.30717.126
MinimumVisualStudioVersion = 10.0.40219.1
Project("{8BC9CEB8-8B4A-11D0-8D11-00A0C91BC942}") = "EasyLogger_Demo", "EasyLogger_Demo.vcxproj", "{81351C0A-5BAE-42C1-856A-56678D752612}"
EndProject
Global
	GlobalSection(SolutionConfigurationPlatforms) = preSolution
		Debug|x64 = Debug|x64
		Debug|x86 = Debug|x86
		Release|x64 = Release|x64
		Release|x86 = Release|x86
	EndGlobalSection
	GlobalSection(ProjectConfigurationPlatforms) = postSolution
		{81351C0A-5BAE-42C1-856A-56678D752612}.Debug|x64.ActiveCfg = Debug|x64
		{81351C0A-5BAE-42C1-856A-56678D752612}.Debug|x64.Build.0 = Debug|x64
		{81351C0A-5BAE-42C1-856A-56678D752612}.Debug|x86.ActiveCfg = Debug|Win32
		{81351C0A-5BAE-42C1-856A-56678D752612}.Debug|x86.Build.0 = Debug|Win32
		{81351C0A-5BAE-42C1-856A-56678D752612}.Release|x64.ActiveCfg = Release|x64
		{81351C0A-5BAE-42C1-856A-56678D752612}.Release|x64.Build.0 = Release|x64
		{81351C0A-5BAE-42C1-856A-56678D752612}.Release|x86.ActiveCfg = Release|Win32
		{81351C0A-5BAE-42C1-856A-56678D752612}.Release|x86.Build.0 = Release|Win32
	EndGlobalSection
	GlobalSection(SolutionProperties) = preSolution
		HideSolutionNode = FALSE
	EndGlobalSection
	GlobalSection(ExtensibilityGlobals) = postSolution
		SolutionGuid = {3A664345-003D-4BA4-B154-B84D94E6574B}
	EndGlobalSection
EndGlobal
